// !$*UTF8*$!
{
	archiveVersion = 1;
	classes = {
	};
	objectVersion = 46;
	objects = {

/* Begin PBXBuildFile section */
		31AC13DC1DAFAA4800FF6935 /* AppDelegate.swift in Sources */ = {isa = PBXBuildFile; fileRef = 31AC13DB1DAFAA4800FF6935 /* AppDelegate.swift */; };
		31AC13DE1DAFAA4800FF6935 /* ViewController.swift in Sources */ = {isa = PBXBuildFile; fileRef = 31AC13DD1DAFAA4800FF6935 /* ViewController.swift */; };
		31AC13E11DAFAA4800FF6935 /* Main.storyboard in Resources */ = {isa = PBXBuildFile; fileRef = 31AC13DF1DAFAA4800FF6935 /* Main.storyboard */; };
		31AC13E31DAFAA4800FF6935 /* Assets.xcassets in Resources */ = {isa = PBXBuildFile; fileRef = 31AC13E21DAFAA4800FF6935 /* Assets.xcassets */; };
		31AC13E61DAFAA4800FF6935 /* LaunchScreen.storyboard in Resources */ = {isa = PBXBuildFile; fileRef = 31AC13E41DAFAA4800FF6935 /* LaunchScreen.storyboard */; };
		31AC13FB1DAFBE1F00FF6935 /* ArrayOperator.swift in Sources */ = {isa = PBXBuildFile; fileRef = 31AC13EE1DAFBE1F00FF6935 /* ArrayOperator.swift */; };
		31AC13FD1DAFBE1F00FF6935 /* BitonicSort.swift in Sources */ = {isa = PBXBuildFile; fileRef = 31AC13F01DAFBE1F00FF6935 /* BitonicSort.swift */; };
		31AC13FF1DAFBE1F00FF6935 /* Function.swift in Sources */ = {isa = PBXBuildFile; fileRef = 31AC13F21DAFBE1F00FF6935 /* Function.swift */; };
		31AC14021DAFBE1F00FF6935 /* RandomNoise.swift in Sources */ = {isa = PBXBuildFile; fileRef = 31AC13F51DAFBE1F00FF6935 /* RandomNoise.swift */; };
		31AC14031DAFBE1F00FF6935 /* HLBitonicSort.metal in Sources */ = {isa = PBXBuildFile; fileRef = 31AC13F71DAFBE1F00FF6935 /* HLBitonicSort.metal */; };
		31AC14041DAFBE1F00FF6935 /* HLRandomGenerator.metal in Sources */ = {isa = PBXBuildFile; fileRef = 31AC13F91DAFBE1F00FF6935 /* HLRandomGenerator.metal */; };
		31AC14051DAFBE1F00FF6935 /* Test.swift in Sources */ = {isa = PBXBuildFile; fileRef = 31AC13FA1DAFBE1F00FF6935 /* Test.swift */; };
		31AC140A1DAFE67300FF6935 /* trades_stock_test.json in Resources */ = {isa = PBXBuildFile; fileRef = 31AC14091DAFE67300FF6935 /* trades_stock_test.json */; };
		31AC140C1DAFF9A800FF6935 /* trades_stock_first.json in Resources */ = {isa = PBXBuildFile; fileRef = 31AC140B1DAFF9A800FF6935 /* trades_stock_first.json */; };
/* End PBXBuildFile section */

/* Begin PBXFileReference section */
		31AC13D81DAFAA4800FF6935 /* HLMoexStatistic.app */ = {isa = PBXFileReference; explicitFileType = wrapper.application; includeInIndex = 0; path = HLMoexStatistic.app; sourceTree = BUILT_PRODUCTS_DIR; };
		31AC13DB1DAFAA4800FF6935 /* AppDelegate.swift */ = {isa = PBXFileReference; lastKnownFileType = sourcecode.swift; path = AppDelegate.swift; sourceTree = "<group>"; };
		31AC13DD1DAFAA4800FF6935 /* ViewController.swift */ = {isa = PBXFileReference; lastKnownFileType = sourcecode.swift; path = ViewController.swift; sourceTree = "<group>"; };
		31AC13E01DAFAA4800FF6935 /* Base */ = {isa = PBXFileReference; lastKnownFileType = file.storyboard; name = Base; path = Base.lproj/Main.storyboard; sourceTree = "<group>"; };
		31AC13E21DAFAA4800FF6935 /* Assets.xcassets */ = {isa = PBXFileReference; lastKnownFileType = folder.assetcatalog; path = Assets.xcassets; sourceTree = "<group>"; };
		31AC13E51DAFAA4800FF6935 /* Base */ = {isa = PBXFileReference; lastKnownFileType = file.storyboard; name = Base; path = Base.lproj/LaunchScreen.storyboard; sourceTree = "<group>"; };
		31AC13E71DAFAA4800FF6935 /* Info.plist */ = {isa = PBXFileReference; lastKnownFileType = text.plist.xml; path = Info.plist; sourceTree = "<group>"; };
		31AC13EE1DAFBE1F00FF6935 /* ArrayOperator.swift */ = {isa = PBXFileReference; fileEncoding = 4; lastKnownFileType = sourcecode.swift; path = ArrayOperator.swift; sourceTree = "<group>"; };
		31AC13F01DAFBE1F00FF6935 /* BitonicSort.swift */ = {isa = PBXFileReference; fileEncoding = 4; lastKnownFileType = sourcecode.swift; path = BitonicSort.swift; sourceTree = "<group>"; };
		31AC13F21DAFBE1F00FF6935 /* Function.swift */ = {isa = PBXFileReference; fileEncoding = 4; lastKnownFileType = sourcecode.swift; path = Function.swift; sourceTree = "<group>"; };
		31AC13F51DAFBE1F00FF6935 /* RandomNoise.swift */ = {isa = PBXFileReference; fileEncoding = 4; lastKnownFileType = sourcecode.swift; path = RandomNoise.swift; sourceTree = "<group>"; };
		31AC13F71DAFBE1F00FF6935 /* HLBitonicSort.metal */ = {isa = PBXFileReference; fileEncoding = 4; lastKnownFileType = sourcecode.metal; path = HLBitonicSort.metal; sourceTree = "<group>"; };
		31AC13F81DAFBE1F00FF6935 /* HLCommon.h */ = {isa = PBXFileReference; fileEncoding = 4; lastKnownFileType = sourcecode.c.h; path = HLCommon.h; sourceTree = "<group>"; };
		31AC13F91DAFBE1F00FF6935 /* HLRandomGenerator.metal */ = {isa = PBXFileReference; fileEncoding = 4; lastKnownFileType = sourcecode.metal; path = HLRandomGenerator.metal; sourceTree = "<group>"; };
		31AC13FA1DAFBE1F00FF6935 /* Test.swift */ = {isa = PBXFileReference; fileEncoding = 4; lastKnownFileType = sourcecode.swift; path = Test.swift; sourceTree = "<group>"; };
		31AC14091DAFE67300FF6935 /* trades_stock_test.json */ = {isa = PBXFileReference; fileEncoding = 4; lastKnownFileType = text.json; name = trades_stock_test.json; path = Resources/trades_stock_test.json; sourceTree = "<group>"; };
		31AC140B1DAFF9A800FF6935 /* trades_stock_first.json */ = {isa = PBXFileReference; fileEncoding = 4; lastKnownFileType = text.json; name = trades_stock_first.json; path = Resources/trades_stock_first.json; sourceTree = "<group>"; };
/* End PBXFileReference section */

/* Begin PBXFrameworksBuildPhase section */
		31AC13D51DAFAA4800FF6935 /* Frameworks */ = {
			isa = PBXFrameworksBuildPhase;
			buildActionMask = 2147483647;
			files = (
			);
			runOnlyForDeploymentPostprocessing = 0;
		};
/* End PBXFrameworksBuildPhase section */

/* Begin PBXGroup section */
		31AC13CF1DAFAA4800FF6935 = {
			isa = PBXGroup;
			children = (
				31AC13DA1DAFAA4800FF6935 /* HLMoexStatistic */,
				31AC13D91DAFAA4800FF6935 /* Products */,
			);
			sourceTree = "<group>";
		};
		31AC13D91DAFAA4800FF6935 /* Products */ = {
			isa = PBXGroup;
			children = (
				31AC13D81DAFAA4800FF6935 /* HLMoexStatistic.app */,
			);
			name = Products;
			sourceTree = "<group>";
		};
		31AC13DA1DAFAA4800FF6935 /* HLMoexStatistic */ = {
			isa = PBXGroup;
			children = (
				31AC14061DAFBEF100FF6935 /* Resources */,
				31AC13ED1DAFBE1F00FF6935 /* Classes */,
				31AC13DB1DAFAA4800FF6935 /* AppDelegate.swift */,
				31AC13DD1DAFAA4800FF6935 /* ViewController.swift */,
				31AC13DF1DAFAA4800FF6935 /* Main.storyboard */,
				31AC13E21DAFAA4800FF6935 /* Assets.xcassets */,
				31AC13E41DAFAA4800FF6935 /* LaunchScreen.storyboard */,
				31AC13E71DAFAA4800FF6935 /* Info.plist */,
			);
			path = HLMoexStatistic;
			sourceTree = "<group>";
		};
		31AC13ED1DAFBE1F00FF6935 /* Classes */ = {
			isa = PBXGroup;
			children = (
				31AC13EE1DAFBE1F00FF6935 /* ArrayOperator.swift */,
				31AC13F01DAFBE1F00FF6935 /* BitonicSort.swift */,
				31AC13F21DAFBE1F00FF6935 /* Function.swift */,
				31AC13F51DAFBE1F00FF6935 /* RandomNoise.swift */,
				31AC13F61DAFBE1F00FF6935 /* Shaders */,
				31AC13FA1DAFBE1F00FF6935 /* Test.swift */,
			);
			path = Classes;
			sourceTree = "<group>";
		};
		31AC13F61DAFBE1F00FF6935 /* Shaders */ = {
			isa = PBXGroup;
			children = (
				31AC13F71DAFBE1F00FF6935 /* HLBitonicSort.metal */,
				31AC13F81DAFBE1F00FF6935 /* HLCommon.h */,
				31AC13F91DAFBE1F00FF6935 /* HLRandomGenerator.metal */,
			);
			path = Shaders;
			sourceTree = "<group>";
		};
		31AC14061DAFBEF100FF6935 /* Resources */ = {
			isa = PBXGroup;
			children = (
				31AC140B1DAFF9A800FF6935 /* trades_stock_first.json */,
				31AC14091DAFE67300FF6935 /* trades_stock_test.json */,
			);
			name = Resources;
			sourceTree = "<group>";
		};
/* End PBXGroup section */

/* Begin PBXNativeTarget section */
		31AC13D71DAFAA4800FF6935 /* HLMoexStatistic */ = {
			isa = PBXNativeTarget;
			buildConfigurationList = 31AC13EA1DAFAA4800FF6935 /* Build configuration list for PBXNativeTarget "HLMoexStatistic" */;
			buildPhases = (
				31AC13D41DAFAA4800FF6935 /* Sources */,
				31AC13D51DAFAA4800FF6935 /* Frameworks */,
				31AC13D61DAFAA4800FF6935 /* Resources */,
			);
			buildRules = (
			);
			dependencies = (
			);
			name = HLMoexStatistic;
			productName = HLMoexStatistic;
			productReference = 31AC13D81DAFAA4800FF6935 /* HLMoexStatistic.app */;
			productType = "com.apple.product-type.application";
		};
/* End PBXNativeTarget section */

/* Begin PBXProject section */
		31AC13D01DAFAA4800FF6935 /* Project object */ = {
			isa = PBXProject;
			attributes = {
				LastSwiftUpdateCheck = 0810;
				LastUpgradeCheck = 0810;
				ORGANIZATIONNAME = "Moscow Exchange";
				TargetAttributes = {
					31AC13D71DAFAA4800FF6935 = {
						CreatedOnToolsVersion = 8.1;
						DevelopmentTeam = NH5BGSK52T;
						ProvisioningStyle = Automatic;
					};
				};
			};
			buildConfigurationList = 31AC13D31DAFAA4800FF6935 /* Build configuration list for PBXProject "HLMoexStatistic" */;
			compatibilityVersion = "Xcode 3.2";
			developmentRegion = English;
			hasScannedForEncodings = 0;
			knownRegions = (
				en,
				Base,
			);
			mainGroup = 31AC13CF1DAFAA4800FF6935;
			productRefGroup = 31AC13D91DAFAA4800FF6935 /* Products */;
			projectDirPath = "";
			projectRoot = "";
			targets = (
				31AC13D71DAFAA4800FF6935 /* HLMoexStatistic */,
			);
		};
/* End PBXProject section */

/* Begin PBXResourcesBuildPhase section */
		31AC13D61DAFAA4800FF6935 /* Resources */ = {
			isa = PBXResourcesBuildPhase;
			buildActionMask = 2147483647;
			files = (
				31AC13E61DAFAA4800FF6935 /* LaunchScreen.storyboard in Resources */,
				31AC13E31DAFAA4800FF6935 /* Assets.xcassets in Resources */,
				31AC140C1DAFF9A800FF6935 /* trades_stock_first.json in Resources */,
				31AC13E11DAFAA4800FF6935 /* Main.storyboard in Resources */,
				31AC140A1DAFE67300FF6935 /* trades_stock_test.json in Resources */,
			);
			runOnlyForDeploymentPostprocessing = 0;
		};
/* End PBXResourcesBuildPhase section */

/* Begin PBXSourcesBuildPhase section */
		31AC13D41DAFAA4800FF6935 /* Sources */ = {
			isa = PBXSourcesBuildPhase;
			buildActionMask = 2147483647;
			files = (
				31AC14041DAFBE1F00FF6935 /* HLRandomGenerator.metal in Sources */,
				31AC13FD1DAFBE1F00FF6935 /* BitonicSort.swift in Sources */,
				31AC13DE1DAFAA4800FF6935 /* ViewController.swift in Sources */,
				31AC13FF1DAFBE1F00FF6935 /* Function.swift in Sources */,
				31AC13FB1DAFBE1F00FF6935 /* ArrayOperator.swift in Sources */,
				31AC14051DAFBE1F00FF6935 /* Test.swift in Sources */,
				31AC13DC1DAFAA4800FF6935 /* AppDelegate.swift in Sources */,
				31AC14031DAFBE1F00FF6935 /* HLBitonicSort.metal in Sources */,
				31AC14021DAFBE1F00FF6935 /* RandomNoise.swift in Sources */,
			);
			runOnlyForDeploymentPostprocessing = 0;
		};
/* End PBXSourcesBuildPhase section */

/* Begin PBXVariantGroup section */
		31AC13DF1DAFAA4800FF6935 /* Main.storyboard */ = {
			isa = PBXVariantGroup;
			children = (
				31AC13E01DAFAA4800FF6935 /* Base */,
			);
			name = Main.storyboard;
			sourceTree = "<group>";
		};
		31AC13E41DAFAA4800FF6935 /* LaunchScreen.storyboard */ = {
			isa = PBXVariantGroup;
			children = (
				31AC13E51DAFAA4800FF6935 /* Base */,
			);
			name = LaunchScreen.storyboard;
			sourceTree = "<group>";
		};
/* End PBXVariantGroup section */

/* Begin XCBuildConfiguration section */
		31AC13E81DAFAA4800FF6935 /* Debug */ = {
			isa = XCBuildConfiguration;
			buildSettings = {
				ALWAYS_SEARCH_USER_PATHS = NO;
				CLANG_ANALYZER_NONNULL = YES;
				CLANG_CXX_LANGUAGE_STANDARD = "gnu++0x";
				CLANG_CXX_LIBRARY = "libc++";
				CLANG_ENABLE_MODULES = YES;
				CLANG_ENABLE_OBJC_ARC = YES;
				CLANG_WARN_BOOL_CONVERSION = YES;
				CLANG_WARN_CONSTANT_CONVERSION = YES;
				CLANG_WARN_DIRECT_OBJC_ISA_USAGE = YES_ERROR;
				CLANG_WARN_DOCUMENTATION_COMMENTS = YES;
				CLANG_WARN_EMPTY_BODY = YES;
				CLANG_WARN_ENUM_CONVERSION = YES;
				CLANG_WARN_INFINITE_RECURSION = YES;
				CLANG_WARN_INT_CONVERSION = YES;
				CLANG_WARN_OBJC_ROOT_CLASS = YES_ERROR;
				CLANG_WARN_SUSPICIOUS_MOVES = YES;
				CLANG_WARN_UNREACHABLE_CODE = YES;
				CLANG_WARN__DUPLICATE_METHOD_MATCH = YES;
				"CODE_SIGN_IDENTITY[sdk=iphoneos*]" = "iPhone Developer";
				COPY_PHASE_STRIP = NO;
				DEBUG_INFORMATION_FORMAT = dwarf;
				ENABLE_STRICT_OBJC_MSGSEND = YES;
				ENABLE_TESTABILITY = YES;
				GCC_C_LANGUAGE_STANDARD = gnu99;
				GCC_DYNAMIC_NO_PIC = NO;
				GCC_FAST_MATH = YES;
				GCC_NO_COMMON_BLOCKS = YES;
				GCC_OPTIMIZATION_LEVEL = s;
				GCC_PREPROCESSOR_DEFINITIONS = (
					"DEBUG=1",
					"$(inherited)",
				);
				GCC_WARN_64_TO_32_BIT_CONVERSION = YES;
				GCC_WARN_ABOUT_RETURN_TYPE = YES_ERROR;
				GCC_WARN_UNDECLARED_SELECTOR = YES;
				GCC_WARN_UNINITIALIZED_AUTOS = YES_AGGRESSIVE;
				GCC_WARN_UNUSED_FUNCTION = YES;
				GCC_WARN_UNUSED_VARIABLE = YES;
				IPHONEOS_DEPLOYMENT_TARGET = 10.1;
				MTL_ENABLE_DEBUG_INFO = YES;
				MTL_FAST_MATH = YES;
				MTL_OPTIMIZATION_LEVEL = 3;
				ONLY_ACTIVE_ARCH = YES;
				SDKROOT = iphoneos;
				SWIFT_ACTIVE_COMPILATION_CONDITIONS = DEBUG;
				SWIFT_OPTIMIZATION_LEVEL = "-Owholemodule";
				TARGETED_DEVICE_FAMILY = "1,2";
			};
			name = Debug;
		};
		31AC13E91DAFAA4800FF6935 /* Release */ = {
			isa = XCBuildConfiguration;
			buildSettings = {
				ALWAYS_SEARCH_USER_PATHS = NO;
				CLANG_ANALYZER_NONNULL = YES;
				CLANG_CXX_LANGUAGE_STANDARD = "gnu++0x";
				CLANG_CXX_LIBRARY = "libc++";
				CLANG_ENABLE_MODULES = YES;
				CLANG_ENABLE_OBJC_ARC = YES;
				CLANG_WARN_BOOL_CONVERSION = YES;
				CLANG_WARN_CONSTANT_CONVERSION = YES;
				CLANG_WARN_DIRECT_OBJC_ISA_USAGE = YES_ERROR;
				CLANG_WARN_DOCUMENTATION_COMMENTS = YES;
				CLANG_WARN_EMPTY_BODY = YES;
				CLANG_WARN_ENUM_CONVERSION = YES;
				CLANG_WARN_INFINITE_RECURSION = YES;
				CLANG_WARN_INT_CONVERSION = YES;
				CLANG_WARN_OBJC_ROOT_CLASS = YES_ERROR;
				CLANG_WARN_SUSPICIOUS_MOVES = YES;
				CLANG_WARN_UNREACHABLE_CODE = YES;
				CLANG_WARN__DUPLICATE_METHOD_MATCH = YES;
				"CODE_SIGN_IDENTITY[sdk=iphoneos*]" = "iPhone Developer";
				COPY_PHASE_STRIP = NO;
				DEBUG_INFORMATION_FORMAT = "dwarf-with-dsym";
				ENABLE_NS_ASSERTIONS = NO;
				ENABLE_STRICT_OBJC_MSGSEND = YES;
				GCC_C_LANGUAGE_STANDARD = gnu99;
				GCC_FAST_MATH = YES;
				GCC_NO_COMMON_BLOCKS = YES;
				GCC_WARN_64_TO_32_BIT_CONVERSION = YES;
				GCC_WARN_ABOUT_RETURN_TYPE = YES_ERROR;
				GCC_WARN_UNDECLARED_SELECTOR = YES;
				GCC_WARN_UNINITIALIZED_AUTOS = YES_AGGRESSIVE;
				GCC_WARN_UNUSED_FUNCTION = YES;
				GCC_WARN_UNUSED_VARIABLE = YES;
				IPHONEOS_DEPLOYMENT_TARGET = 10.1;
				MTL_ENABLE_DEBUG_INFO = NO;
				MTL_FAST_MATH = YES;
				MTL_OPTIMIZATION_LEVEL = 3;
				SDKROOT = iphoneos;
				SWIFT_OPTIMIZATION_LEVEL = "-Owholemodule";
				TARGETED_DEVICE_FAMILY = "1,2";
				VALIDATE_PRODUCT = YES;
			};
			name = Release;
		};
		31AC13EB1DAFAA4800FF6935 /* Debug */ = {
			isa = XCBuildConfiguration;
			buildSettings = {
				ASSETCATALOG_COMPILER_APPICON_NAME = AppIcon;
				DEVELOPMENT_TEAM = NH5BGSK52T;
				INFOPLIST_FILE = HLMoexStatistic/Info.plist;
				IPHONEOS_DEPLOYMENT_TARGET = 9.3;
				LD_RUNPATH_SEARCH_PATHS = "$(inherited) @executable_path/Frameworks";
				MTL_FAST_MATH = YES;
				MTL_OPTIMIZATION_LEVEL = 3;
				PRODUCT_BUNDLE_IDENTIFIER = Moex.HLMoexStatistic;
				PRODUCT_NAME = "$(TARGET_NAME)";
				SWIFT_VERSION = 3.0;
			};
			name = Debug;
		};
		31AC13EC1DAFAA4800FF6935 /* Release */ = {
			isa = XCBuildConfiguration;
			buildSettings = {
				ASSETCATALOG_COMPILER_APPICON_NAME = AppIcon;
				DEVELOPMENT_TEAM = NH5BGSK52T;
				INFOPLIST_FILE = HLMoexStatistic/Info.plist;
				IPHONEOS_DEPLOYMENT_TARGET = 9.3;
				LD_RUNPATH_SEARCH_PATHS = "$(inherited) @executable_path/Frameworks";
				MTL_FAST_MATH = YES;
				MTL_OPTIMIZATION_LEVEL = 3;
				PRODUCT_BUNDLE_IDENTIFIER = Moex.HLMoexStatistic;
				PRODUCT_NAME = "$(TARGET_NAME)";
				SWIFT_VERSION = 3.0;
			};
			name = Release;
		};
/* End XCBuildConfiguration section */

/* Begin XCConfigurationList section */
		31AC13D31DAFAA4800FF6935 /* Build configuration list for PBXProject "HLMoexStatistic" */ = {
			isa = XCConfigurationList;
			buildConfigurations = (
				31AC13E81DAFAA4800FF6935 /* Debug */,
				31AC13E91DAFAA4800FF6935 /* Release */,
			);
			defaultConfigurationIsVisible = 0;
			defaultConfigurationName = Release;
		};
		31AC13EA1DAFAA4800FF6935 /* Build configuration list for PBXNativeTarget "HLMoexStatistic" */ = {
			isa = XCConfigurationList;
			buildConfigurations = (
				31AC13EB1DAFAA4800FF6935 /* Debug */,
				31AC13EC1DAFAA4800FF6935 /* Release */,
			);
			defaultConfigurationIsVisible = 0;
		};
/* End XCConfigurationList section */
	};
	rootObject = 31AC13D01DAFAA4800FF6935 /* Project object */;
}
